
Microsoft Visual Studio Solution File, Format Version 12.00
# Visual Studio Version 17
VisualStudioVersion = 17.7.34031.279
MinimumVisualStudioVersion = 10.0.40219.1
Project("{FAE04EC0-301F-11D3-BF4B-00C04F79EFBC}") = "SchoolDatabases", "SchoolDatabases\SchoolDatabases.csproj", "{34F18E88-0B47-4DD0-A596-4C1B9EA07577}"
EndProject
Global
	GlobalSection(SolutionConfigurationPlatforms) = preSolution
		Debug|Any CPU = Debug|Any CPU
		Release|Any CPU = Release|Any CPU
	EndGlobalSection
	GlobalSection(ProjectConfigurationPlatforms) = postSolution
		{34F18E88-0B47-4DD0-A596-4C1B9EA07577}.Debug|Any CPU.ActiveCfg = Debug|Any CPU
		{34F18E88-0B47-4DD0-A596-4C1B9EA07577}.Debug|Any CPU.Build.0 = Debug|Any CPU
		{34F18E88-0B47-4DD0-A596-4C1B9EA07577}.Release|Any CPU.ActiveCfg = Release|Any CPU
		{34F18E88-0B47-4DD0-A596-4C1B9EA07577}.Release|Any CPU.Build.0 = Release|Any CPU
	EndGlobalSection
	GlobalSection(SolutionProperties) = preSolution
		HideSolutionNode = FALSE
	EndGlobalSection
	GlobalSection(ExtensibilityGlobals) = postSolution
		SolutionGuid = {23CCCF33-4F4B-4E27-94B0-AE65DD5508CC}
	EndGlobalSection
EndGlobal
